// !$*UTF8*$!
{
	archiveVersion = 1;
	classes = {
	};
	objectVersion = 48;
	objects = {

/* Begin PBXBuildFile section */
		A91A0DF12006006E003AF455 /* AppDelegate.swift in Sources */ = {isa = PBXBuildFile; fileRef = A91A0DF02006006E003AF455 /* AppDelegate.swift */; };
		A91A0DF32006006E003AF455 /* ViewController.swift in Sources */ = {isa = PBXBuildFile; fileRef = A91A0DF22006006E003AF455 /* ViewController.swift */; };
		A91A0DF62006006E003AF455 /* Main.storyboard in Resources */ = {isa = PBXBuildFile; fileRef = A91A0DF42006006E003AF455 /* Main.storyboard */; };
		A91A0DF92006006E003AF455 /* XLLLocalNotification.xcdatamodeld in Sources */ = {isa = PBXBuildFile; fileRef = A91A0DF72006006E003AF455 /* XLLLocalNotification.xcdatamodeld */; };
		A91A0DFB2006006E003AF455 /* Assets.xcassets in Resources */ = {isa = PBXBuildFile; fileRef = A91A0DFA2006006E003AF455 /* Assets.xcassets */; };
		A91A0DFE2006006E003AF455 /* LaunchScreen.storyboard in Resources */ = {isa = PBXBuildFile; fileRef = A91A0DFC2006006E003AF455 /* LaunchScreen.storyboard */; };
/* End PBXBuildFile section */

/* Begin PBXFileReference section */
		A91A0DED2006006E003AF455 /* XLLLocalNotification.app */ = {isa = PBXFileReference; explicitFileType = wrapper.application; includeInIndex = 0; path = XLLLocalNotification.app; sourceTree = BUILT_PRODUCTS_DIR; };
		A91A0DF02006006E003AF455 /* AppDelegate.swift */ = {isa = PBXFileReference; lastKnownFileType = sourcecode.swift; path = AppDelegate.swift; sourceTree = "<group>"; };
		A91A0DF22006006E003AF455 /* ViewController.swift */ = {isa = PBXFileReference; lastKnownFileType = sourcecode.swift; path = ViewController.swift; sourceTree = "<group>"; };
		A91A0DF52006006E003AF455 /* Base */ = {isa = PBXFileReference; lastKnownFileType = file.storyboard; name = Base; path = Base.lproj/Main.storyboard; sourceTree = "<group>"; };
		A91A0DF82006006E003AF455 /* XLLLocalNotification.xcdatamodel */ = {isa = PBXFileReference; lastKnownFileType = wrapper.xcdatamodel; path = XLLLocalNotification.xcdatamodel; sourceTree = "<group>"; };
		A91A0DFA2006006E003AF455 /* Assets.xcassets */ = {isa = PBXFileReference; lastKnownFileType = folder.assetcatalog; path = Assets.xcassets; sourceTree = "<group>"; };
		A91A0DFD2006006E003AF455 /* Base */ = {isa = PBXFileReference; lastKnownFileType = file.storyboard; name = Base; path = Base.lproj/LaunchScreen.storyboard; sourceTree = "<group>"; };
		A91A0DFF2006006E003AF455 /* Info.plist */ = {isa = PBXFileReference; lastKnownFileType = text.plist.xml; path = Info.plist; sourceTree = "<group>"; };
/* End PBXFileReference section */

/* Begin PBXFrameworksBuildPhase section */
		A91A0DEA2006006E003AF455 /* Frameworks */ = {
			isa = PBXFrameworksBuildPhase;
			buildActionMask = 2147483647;
			files = (
			);
			runOnlyForDeploymentPostprocessing = 0;
		};
/* End PBXFrameworksBuildPhase section */

/* Begin PBXGroup section */
		A91A0DE42006006E003AF455 = {
			isa = PBXGroup;
			children = (
				A91A0DEF2006006E003AF455 /* XLLLocalNotification */,
				A91A0DEE2006006E003AF455 /* Products */,
			);
			sourceTree = "<group>";
		};
		A91A0DEE2006006E003AF455 /* Products */ = {
			isa = PBXGroup;
			children = (
				A91A0DED2006006E003AF455 /* XLLLocalNotification.app */,
			);
			name = Products;
			sourceTree = "<group>";
		};
		A91A0DEF2006006E003AF455 /* XLLLocalNotification */ = {
			isa = PBXGroup;
			children = (
				A91A0DF02006006E003AF455 /* AppDelegate.swift */,
				A91A0DF22006006E003AF455 /* ViewController.swift */,
				A91A0DF42006006E003AF455 /* Main.storyboard */,
				A91A0DFA2006006E003AF455 /* Assets.xcassets */,
				A91A0DFC2006006E003AF455 /* LaunchScreen.storyboard */,
				A91A0DFF2006006E003AF455 /* Info.plist */,
				A91A0DF72006006E003AF455 /* XLLLocalNotification.xcdatamodeld */,
			);
			path = XLLLocalNotification;
			sourceTree = "<group>";
		};
/* End PBXGroup section */

/* Begin PBXNativeTarget section */
		A91A0DEC2006006E003AF455 /* XLLLocalNotification */ = {
			isa = PBXNativeTarget;
			buildConfigurationList = A91A0E022006006E003AF455 /* Build configuration list for PBXNativeTarget "XLLLocalNotification" */;
			buildPhases = (
				A91A0DE92006006E003AF455 /* Sources */,
				A91A0DEA2006006E003AF455 /* Frameworks */,
				A91A0DEB2006006E003AF455 /* Resources */,
			);
			buildRules = (
			);
			dependencies = (
			);
			name = XLLLocalNotification;
			productName = XLLLocalNotification;
			productReference = A91A0DED2006006E003AF455 /* XLLLocalNotification.app */;
			productType = "com.apple.product-type.application";
		};
/* End PBXNativeTarget section */

/* Begin PBXProject section */
		A91A0DE52006006E003AF455 /* Project object */ = {
			isa = PBXProject;
			attributes = {
				LastSwiftUpdateCheck = 0920;
				LastUpgradeCheck = 0920;
				ORGANIZATIONNAME = IMMoveMobile;
				TargetAttributes = {
					A91A0DEC2006006E003AF455 = {
						CreatedOnToolsVersion = 9.2;
						ProvisioningStyle = Automatic;
					};
				};
			};
			buildConfigurationList = A91A0DE82006006E003AF455 /* Build configuration list for PBXProject "XLLLocalNotification" */;
			compatibilityVersion = "Xcode 8.0";
			developmentRegion = en;
			hasScannedForEncodings = 0;
			knownRegions = (
				en,
				Base,
			);
			mainGroup = A91A0DE42006006E003AF455;
			productRefGroup = A91A0DEE2006006E003AF455 /* Products */;
			projectDirPath = "";
			projectRoot = "";
			targets = (
				A91A0DEC2006006E003AF455 /* XLLLocalNotification */,
			);
		};
/* End PBXProject section */

/* Begin PBXResourcesBuildPhase section */
		A91A0DEB2006006E003AF455 /* Resources */ = {
			isa = PBXResourcesBuildPhase;
			buildActionMask = 2147483647;
			files = (
				A91A0DFE2006006E003AF455 /* LaunchScreen.storyboard in Resources */,
				A91A0DFB2006006E003AF455 /* Assets.xcassets in Resources */,
				A91A0DF62006006E003AF455 /* Main.storyboard in Resources */,
			);
			runOnlyForDeploymentPostprocessing = 0;
		};
/* End PBXResourcesBuildPhase section */

/* Begin PBXSourcesBuildPhase section */
		A91A0DE92006006E003AF455 /* Sources */ = {
			isa = PBXSourcesBuildPhase;
			buildActionMask = 2147483647;
			files = (
				A91A0DF92006006E003AF455 /* XLLLocalNotification.xcdatamodeld in Sources */,
				A91A0DF32006006E003AF455 /* ViewController.swift in Sources */,
				A91A0DF12006006E003AF455 /* AppDelegate.swift in Sources */,
			);
			runOnlyForDeploymentPostprocessing = 0;
		};
/* End PBXSourcesBuildPhase section */

/* Begin PBXVariantGroup section */
		A91A0DF42006006E003AF455 /* Main.storyboard */ = {
			isa = PBXVariantGroup;
			children = (
				A91A0DF52006006E003AF455 /* Base */,
			);
			name = Main.storyboard;
			sourceTree = "<group>";
		};
		A91A0DFC2006006E003AF455 /* LaunchScreen.storyboard */ = {
			isa = PBXVariantGroup;
			children = (
				A91A0DFD2006006E003AF455 /* Base */,
			);
			name = LaunchScreen.storyboard;
			sourceTree = "<group>";
		};
/* End PBXVariantGroup section */

/* Begin XCBuildConfiguration section */
		A91A0E002006006E003AF455 /* Debug */ = {
			isa = XCBuildConfiguration;
			buildSettings = {
				ALWAYS_SEARCH_USER_PATHS = NO;
				CLANG_ANALYZER_NONNULL = YES;
				CLANG_ANALYZER_NUMBER_OBJECT_CONVERSION = YES_AGGRESSIVE;
				CLANG_CXX_LANGUAGE_STANDARD = "gnu++14";
				CLANG_CXX_LIBRARY = "libc++";
				CLANG_ENABLE_MODULES = YES;
				CLANG_ENABLE_OBJC_ARC = YES;
				CLANG_WARN_BLOCK_CAPTURE_AUTORELEASING = YES;
				CLANG_WARN_BOOL_CONVERSION = YES;
				CLANG_WARN_COMMA = YES;
				CLANG_WARN_CONSTANT_CONVERSION = YES;
				CLANG_WARN_DIRECT_OBJC_ISA_USAGE = YES_ERROR;
				CLANG_WARN_DOCUMENTATION_COMMENTS = YES;
				CLANG_WARN_EMPTY_BODY = YES;
				CLANG_WARN_ENUM_CONVERSION = YES;
				CLANG_WARN_INFINITE_RECURSION = YES;
				CLANG_WARN_INT_CONVERSION = YES;
				CLANG_WARN_NON_LITERAL_NULL_CONVERSION = YES;
				CLANG_WARN_OBJC_LITERAL_CONVERSION = YES;
				CLANG_WARN_OBJC_ROOT_CLASS = YES_ERROR;
				CLANG_WARN_RANGE_LOOP_ANALYSIS = YES;
				CLANG_WARN_STRICT_PROTOTYPES = YES;
				CLANG_WARN_SUSPICIOUS_MOVE = YES;
				CLANG_WARN_UNGUARDED_AVAILABILITY = YES_AGGRESSIVE;
				CLANG_WARN_UNREACHABLE_CODE = YES;
				CLANG_WARN__DUPLICATE_METHOD_MATCH = YES;
				CODE_SIGN_IDENTITY = "iPhone Developer";
				COPY_PHASE_STRIP = NO;
				DEBUG_INFORMATION_FORMAT = dwarf;
				ENABLE_STRICT_OBJC_MSGSEND = YES;
				ENABLE_TESTABILITY = YES;
				GCC_C_LANGUAGE_STANDARD = gnu11;
				GCC_DYNAMIC_NO_PIC = NO;
				GCC_NO_COMMON_BLOCKS = YES;
				GCC_OPTIMIZATION_LEVEL = 0;
				GCC_PREPROCESSOR_DEFINITIONS = (
					"DEBUG=1",
					"$(inherited)",
				);
				GCC_WARN_64_TO_32_BIT_CONVERSION = YES;
				GCC_WARN_ABOUT_RETURN_TYPE = YES_ERROR;
				GCC_WARN_UNDECLARED_SELECTOR = YES;
				GCC_WARN_UNINITIALIZED_AUTOS = YES_AGGRESSIVE;
				GCC_WARN_UNUSED_FUNCTION = YES;
				GCC_WARN_UNUSED_VARIABLE = YES;
				IPHONEOS_DEPLOYMENT_TARGET = 8.0;
				MTL_ENABLE_DEBUG_INFO = YES;
				ONLY_ACTIVE_ARCH = YES;
				SDKROOT = iphoneos;
				SWIFT_ACTIVE_COMPILATION_CONDITIONS = DEBUG;
				SWIFT_OPTIMIZATION_LEVEL = "-Onone";
			};
			name = Debug;
		};
		A91A0E012006006E003AF455 /* Release */ = {
			isa = XCBuildConfiguration;
			buildSettings = {
				ALWAYS_SEARCH_USER_PATHS = NO;
				CLANG_ANALYZER_NONNULL = YES;
				CLANG_ANALYZER_NUMBER_OBJECT_CONVERSION = YES_AGGRESSIVE;
				CLANG_CXX_LANGUAGE_STANDARD = "gnu++14";
				CLANG_CXX_LIBRARY = "libc++";
				CLANG_ENABLE_MODULES = YES;
				CLANG_ENABLE_OBJC_ARC = YES;
				CLANG_WARN_BLOCK_CAPTURE_AUTORELEASING = YES;
				CLANG_WARN_BOOL_CONVERSION = YES;
				CLANG_WARN_COMMA = YES;
				CLANG_WARN_CONSTANT_CONVERSION = YES;
				CLANG_WARN_DIRECT_OBJC_ISA_USAGE = YES_ERROR;
				CLANG_WARN_DOCUMENTATION_COMMENTS = YES;
				CLANG_WARN_EMPTY_BODY = YES;
				CLANG_WARN_ENUM_CONVERSION = YES;
				CLANG_WARN_INFINITE_RECURSION = YES;
				CLANG_WARN_INT_CONVERSION = YES;
				CLANG_WARN_NON_LITERAL_NULL_CONVERSION = YES;
				CLANG_WARN_OBJC_LITERAL_CONVERSION = YES;
				CLANG_WARN_OBJC_ROOT_CLASS = YES_ERROR;
				CLANG_WARN_RANGE_LOOP_ANALYSIS = YES;
				CLANG_WARN_STRICT_PROTOTYPES = YES;
				CLANG_WARN_SUSPICIOUS_MOVE = YES;
				CLANG_WARN_UNGUARDED_AVAILABILITY = YES_AGGRESSIVE;
				CLANG_WARN_UNREACHABLE_CODE = YES;
				CLANG_WARN__DUPLICATE_METHOD_MATCH = YES;
				CODE_SIGN_IDENTITY = "iPhone Developer";
				COPY_PHASE_STRIP = NO;
				DEBUG_INFORMATION_FORMAT = "dwarf-with-dsym";
				ENABLE_NS_ASSERTIONS = NO;
				ENABLE_STRICT_OBJC_MSGSEND = YES;
				GCC_C_LANGUAGE_STANDARD = gnu11;
				GCC_NO_COMMON_BLOCKS = YES;
				GCC_WARN_64_TO_32_BIT_CONVERSION = YES;
				GCC_WARN_ABOUT_RETURN_TYPE = YES_ERROR;
				GCC_WARN_UNDECLARED_SELECTOR = YES;
				GCC_WARN_UNINITIALIZED_AUTOS = YES_AGGRESSIVE;
				GCC_WARN_UNUSED_FUNCTION = YES;
				GCC_WARN_UNUSED_VARIABLE = YES;
				IPHONEOS_DEPLOYMENT_TARGET = 8.0;
				MTL_ENABLE_DEBUG_INFO = NO;
				SDKROOT = iphoneos;
				SWIFT_OPTIMIZATION_LEVEL = "-Owholemodule";
				VALIDATE_PRODUCT = YES;
			};
			name = Release;
		};
		A91A0E032006006E003AF455 /* Debug */ = {
			isa = XCBuildConfiguration;
			buildSettings = {
				ASSETCATALOG_COMPILER_APPICON_NAME = AppIcon;
				CODE_SIGN_STYLE = Automatic;
				DEVELOPMENT_TEAM = PXU4P5494Q;
				INFOPLIST_FILE = XLLLocalNotification/Info.plist;
				LD_RUNPATH_SEARCH_PATHS = "$(inherited) @executable_path/Frameworks";
				PRODUCT_BUNDLE_IDENTIFIER = com.IMMoveMobile.XLLLocalNotification;
				PRODUCT_NAME = "$(TARGET_NAME)";
				SWIFT_VERSION = 4.0;
				TARGETED_DEVICE_FAMILY = "1,2";
			};
			name = Debug;
		};
		A91A0E042006006E003AF455 /* Release */ = {
			isa = XCBuildConfiguration;
			buildSettings = {
				ASSETCATALOG_COMPILER_APPICON_NAME = AppIcon;
				CODE_SIGN_STYLE = Automatic;
				DEVELOPMENT_TEAM = PXU4P5494Q;
				INFOPLIST_FILE = XLLLocalNotification/Info.plist;
				LD_RUNPATH_SEARCH_PATHS = "$(inherited) @executable_path/Frameworks";
				PRODUCT_BUNDLE_IDENTIFIER = com.IMMoveMobile.XLLLocalNotification;
				PRODUCT_NAME = "$(TARGET_NAME)";
				SWIFT_VERSION = 4.0;
				TARGETED_DEVICE_FAMILY = "1,2";
			};
			name = Release;
		};
/* End XCBuildConfiguration section */

/* Begin XCConfigurationList section */
		A91A0DE82006006E003AF455 /* Build configuration list for PBXProject "XLLLocalNotification" */ = {
			isa = XCConfigurationList;
			buildConfigurations = (
				A91A0E002006006E003AF455 /* Debug */,
				A91A0E012006006E003AF455 /* Release */,
			);
			defaultConfigurationIsVisible = 0;
			defaultConfigurationName = Release;
		};
		A91A0E022006006E003AF455 /* Build configuration list for PBXNativeTarget "XLLLocalNotification" */ = {
			isa = XCConfigurationList;
			buildConfigurations = (
				A91A0E032006006E003AF455 /* Debug */,
				A91A0E042006006E003AF455 /* Release */,
			);
			defaultConfigurationIsVisible = 0;
			defaultConfigurationName = Release;
		};
/* End XCConfigurationList section */

/* Begin XCVersionGroup section */
		A91A0DF72006006E003AF455 /* XLLLocalNotification.xcdatamodeld */ = {
			isa = XCVersionGroup;
			children = (
				A91A0DF82006006E003AF455 /* XLLLocalNotification.xcdatamodel */,
			);
			currentVersion = A91A0DF82006006E003AF455 /* XLLLocalNotification.xcdatamodel */;
			path = XLLLocalNotification.xcdatamodeld;
			sourceTree = "<group>";
			versionGroupType = wrapper.xcdatamodel;
		};
/* End XCVersionGroup section */
	};
	rootObject = A91A0DE52006006E003AF455 /* Project object */;
}
